// !$*UTF8*$!
{
	archiveVersion = 1;
	classes = {
	};
	objectVersion = 50;
	objects = {

/* Begin PBXBuildFile section */
		043E799C255515A5003EC32A /* AppDelegate.swift in Sources */ = {isa = PBXBuildFile; fileRef = 043E799B255515A5003EC32A /* AppDelegate.swift */; };
		043E799E255515A5003EC32A /* SceneDelegate.swift in Sources */ = {isa = PBXBuildFile; fileRef = 043E799D255515A5003EC32A /* SceneDelegate.swift */; };
		043E79A0255515A5003EC32A /* MainViewController.swift in Sources */ = {isa = PBXBuildFile; fileRef = 043E799F255515A5003EC32A /* MainViewController.swift */; };
		043E79A3255515A5003EC32A /* Main.storyboard in Resources */ = {isa = PBXBuildFile; fileRef = 043E79A1255515A5003EC32A /* Main.storyboard */; };
		043E79A5255515A8003EC32A /* Assets.xcassets in Resources */ = {isa = PBXBuildFile; fileRef = 043E79A4255515A8003EC32A /* Assets.xcassets */; };
		043E79A8255515A8003EC32A /* LaunchScreen.storyboard in Resources */ = {isa = PBXBuildFile; fileRef = 043E79A6255515A8003EC32A /* LaunchScreen.storyboard */; };
		043E79B3255515A8003EC32A /* CustomSeguement_Control_TutorialTests.swift in Sources */ = {isa = PBXBuildFile; fileRef = 043E79B2255515A8003EC32A /* CustomSeguement_Control_TutorialTests.swift */; };
		043E79BE255515A8003EC32A /* CustomSeguement_Control_TutorialUITests.swift in Sources */ = {isa = PBXBuildFile; fileRef = 043E79BD255515A8003EC32A /* CustomSeguement_Control_TutorialUITests.swift */; };
		043E79CF25551CB7003EC32A /* MyCustomSeguementControl.swift in Sources */ = {isa = PBXBuildFile; fileRef = 043E79CE25551CB7003EC32A /* MyCustomSeguementControl.swift */; };
/* End PBXBuildFile section */

/* Begin PBXContainerItemProxy section */
		043E79AF255515A8003EC32A /* PBXContainerItemProxy */ = {
			isa = PBXContainerItemProxy;
			containerPortal = 043E7990255515A5003EC32A /* Project object */;
			proxyType = 1;
			remoteGlobalIDString = 043E7997255515A5003EC32A;
			remoteInfo = "CustomSeguement Control Tutorial";
		};
		043E79BA255515A8003EC32A /* PBXContainerItemProxy */ = {
			isa = PBXContainerItemProxy;
			containerPortal = 043E7990255515A5003EC32A /* Project object */;
			proxyType = 1;
			remoteGlobalIDString = 043E7997255515A5003EC32A;
			remoteInfo = "CustomSeguement Control Tutorial";
		};
/* End PBXContainerItemProxy section */

/* Begin PBXFileReference section */
		043E7998255515A5003EC32A /* CustomSeguement Control Tutorial.app */ = {isa = PBXFileReference; explicitFileType = wrapper.application; includeInIndex = 0; path = "CustomSeguement Control Tutorial.app"; sourceTree = BUILT_PRODUCTS_DIR; };
		043E799B255515A5003EC32A /* AppDelegate.swift */ = {isa = PBXFileReference; lastKnownFileType = sourcecode.swift; path = AppDelegate.swift; sourceTree = "<group>"; };
		043E799D255515A5003EC32A /* SceneDelegate.swift */ = {isa = PBXFileReference; lastKnownFileType = sourcecode.swift; path = SceneDelegate.swift; sourceTree = "<group>"; };
		043E799F255515A5003EC32A /* MainViewController.swift */ = {isa = PBXFileReference; lastKnownFileType = sourcecode.swift; path = MainViewController.swift; sourceTree = "<group>"; };
		043E79A2255515A5003EC32A /* Base */ = {isa = PBXFileReference; lastKnownFileType = file.storyboard; name = Base; path = Base.lproj/Main.storyboard; sourceTree = "<group>"; };
		043E79A4255515A8003EC32A /* Assets.xcassets */ = {isa = PBXFileReference; lastKnownFileType = folder.assetcatalog; path = Assets.xcassets; sourceTree = "<group>"; };
		043E79A7255515A8003EC32A /* Base */ = {isa = PBXFileReference; lastKnownFileType = file.storyboard; name = Base; path = Base.lproj/LaunchScreen.storyboard; sourceTree = "<group>"; };
		043E79A9255515A8003EC32A /* Info.plist */ = {isa = PBXFileReference; lastKnownFileType = text.plist.xml; path = Info.plist; sourceTree = "<group>"; };
		043E79AE255515A8003EC32A /* CustomSeguement Control TutorialTests.xctest */ = {isa = PBXFileReference; explicitFileType = wrapper.cfbundle; includeInIndex = 0; path = "CustomSeguement Control TutorialTests.xctest"; sourceTree = BUILT_PRODUCTS_DIR; };
		043E79B2255515A8003EC32A /* CustomSeguement_Control_TutorialTests.swift */ = {isa = PBXFileReference; lastKnownFileType = sourcecode.swift; path = CustomSeguement_Control_TutorialTests.swift; sourceTree = "<group>"; };
		043E79B4255515A8003EC32A /* Info.plist */ = {isa = PBXFileReference; lastKnownFileType = text.plist.xml; path = Info.plist; sourceTree = "<group>"; };
		043E79B9255515A8003EC32A /* CustomSeguement Control TutorialUITests.xctest */ = {isa = PBXFileReference; explicitFileType = wrapper.cfbundle; includeInIndex = 0; path = "CustomSeguement Control TutorialUITests.xctest"; sourceTree = BUILT_PRODUCTS_DIR; };
		043E79BD255515A8003EC32A /* CustomSeguement_Control_TutorialUITests.swift */ = {isa = PBXFileReference; lastKnownFileType = sourcecode.swift; path = CustomSeguement_Control_TutorialUITests.swift; sourceTree = "<group>"; };
		043E79BF255515A8003EC32A /* Info.plist */ = {isa = PBXFileReference; lastKnownFileType = text.plist.xml; path = Info.plist; sourceTree = "<group>"; };
		043E79CE25551CB7003EC32A /* MyCustomSeguementControl.swift */ = {isa = PBXFileReference; lastKnownFileType = sourcecode.swift; path = MyCustomSeguementControl.swift; sourceTree = "<group>"; };
/* End PBXFileReference section */

/* Begin PBXFrameworksBuildPhase section */
		043E7995255515A5003EC32A /* Frameworks */ = {
			isa = PBXFrameworksBuildPhase;
			buildActionMask = 2147483647;
			files = (
			);
			runOnlyForDeploymentPostprocessing = 0;
		};
		043E79AB255515A8003EC32A /* Frameworks */ = {
			isa = PBXFrameworksBuildPhase;
			buildActionMask = 2147483647;
			files = (
			);
			runOnlyForDeploymentPostprocessing = 0;
		};
		043E79B6255515A8003EC32A /* Frameworks */ = {
			isa = PBXFrameworksBuildPhase;
			buildActionMask = 2147483647;
			files = (
			);
			runOnlyForDeploymentPostprocessing = 0;
		};
/* End PBXFrameworksBuildPhase section */

/* Begin PBXGroup section */
		043E798F255515A5003EC32A = {
			isa = PBXGroup;
			children = (
				043E799A255515A5003EC32A /* CustomSeguement Control Tutorial */,
				043E79B1255515A8003EC32A /* CustomSeguement Control TutorialTests */,
				043E79BC255515A8003EC32A /* CustomSeguement Control TutorialUITests */,
				043E7999255515A5003EC32A /* Products */,
			);
			sourceTree = "<group>";
		};
		043E7999255515A5003EC32A /* Products */ = {
			isa = PBXGroup;
			children = (
				043E7998255515A5003EC32A /* CustomSeguement Control Tutorial.app */,
				043E79AE255515A8003EC32A /* CustomSeguement Control TutorialTests.xctest */,
				043E79B9255515A8003EC32A /* CustomSeguement Control TutorialUITests.xctest */,
			);
			name = Products;
			sourceTree = "<group>";
		};
		043E799A255515A5003EC32A /* CustomSeguement Control Tutorial */ = {
			isa = PBXGroup;
			children = (
				043E799B255515A5003EC32A /* AppDelegate.swift */,
				043E799D255515A5003EC32A /* SceneDelegate.swift */,
				043E799F255515A5003EC32A /* MainViewController.swift */,
				043E79CE25551CB7003EC32A /* MyCustomSeguementControl.swift */,
				043E79A1255515A5003EC32A /* Main.storyboard */,
				043E79A4255515A8003EC32A /* Assets.xcassets */,
				043E79A6255515A8003EC32A /* LaunchScreen.storyboard */,
				043E79A9255515A8003EC32A /* Info.plist */,
			);
			path = "CustomSeguement Control Tutorial";
			sourceTree = "<group>";
		};
		043E79B1255515A8003EC32A /* CustomSeguement Control TutorialTests */ = {
			isa = PBXGroup;
			children = (
				043E79B2255515A8003EC32A /* CustomSeguement_Control_TutorialTests.swift */,
				043E79B4255515A8003EC32A /* Info.plist */,
			);
			path = "CustomSeguement Control TutorialTests";
			sourceTree = "<group>";
		};
		043E79BC255515A8003EC32A /* CustomSeguement Control TutorialUITests */ = {
			isa = PBXGroup;
			children = (
				043E79BD255515A8003EC32A /* CustomSeguement_Control_TutorialUITests.swift */,
				043E79BF255515A8003EC32A /* Info.plist */,
			);
			path = "CustomSeguement Control TutorialUITests";
			sourceTree = "<group>";
		};
/* End PBXGroup section */

/* Begin PBXNativeTarget section */
		043E7997255515A5003EC32A /* CustomSeguement Control Tutorial */ = {
			isa = PBXNativeTarget;
			buildConfigurationList = 043E79C2255515A8003EC32A /* Build configuration list for PBXNativeTarget "CustomSeguement Control Tutorial" */;
			buildPhases = (
				043E7994255515A5003EC32A /* Sources */,
				043E7995255515A5003EC32A /* Frameworks */,
				043E7996255515A5003EC32A /* Resources */,
			);
			buildRules = (
			);
			dependencies = (
			);
			name = "CustomSeguement Control Tutorial";
			productName = "CustomSeguement Control Tutorial";
			productReference = 043E7998255515A5003EC32A /* CustomSeguement Control Tutorial.app */;
			productType = "com.apple.product-type.application";
		};
		043E79AD255515A8003EC32A /* CustomSeguement Control TutorialTests */ = {
			isa = PBXNativeTarget;
			buildConfigurationList = 043E79C5255515A8003EC32A /* Build configuration list for PBXNativeTarget "CustomSeguement Control TutorialTests" */;
			buildPhases = (
				043E79AA255515A8003EC32A /* Sources */,
				043E79AB255515A8003EC32A /* Frameworks */,
				043E79AC255515A8003EC32A /* Resources */,
			);
			buildRules = (
			);
			dependencies = (
				043E79B0255515A8003EC32A /* PBXTargetDependency */,
			);
			name = "CustomSeguement Control TutorialTests";
			productName = "CustomSeguement Control TutorialTests";
			productReference = 043E79AE255515A8003EC32A /* CustomSeguement Control TutorialTests.xctest */;
			productType = "com.apple.product-type.bundle.unit-test";
		};
		043E79B8255515A8003EC32A /* CustomSeguement Control TutorialUITests */ = {
			isa = PBXNativeTarget;
			buildConfigurationList = 043E79C8255515A8003EC32A /* Build configuration list for PBXNativeTarget "CustomSeguement Control TutorialUITests" */;
			buildPhases = (
				043E79B5255515A8003EC32A /* Sources */,
				043E79B6255515A8003EC32A /* Frameworks */,
				043E79B7255515A8003EC32A /* Resources */,
			);
			buildRules = (
			);
			dependencies = (
				043E79BB255515A8003EC32A /* PBXTargetDependency */,
			);
			name = "CustomSeguement Control TutorialUITests";
			productName = "CustomSeguement Control TutorialUITests";
			productReference = 043E79B9255515A8003EC32A /* CustomSeguement Control TutorialUITests.xctest */;
			productType = "com.apple.product-type.bundle.ui-testing";
		};
/* End PBXNativeTarget section */

/* Begin PBXProject section */
		043E7990255515A5003EC32A /* Project object */ = {
			isa = PBXProject;
			attributes = {
				LastSwiftUpdateCheck = 1210;
				LastUpgradeCheck = 1210;
				TargetAttributes = {
					043E7997255515A5003EC32A = {
						CreatedOnToolsVersion = 12.1;
					};
					043E79AD255515A8003EC32A = {
						CreatedOnToolsVersion = 12.1;
						TestTargetID = 043E7997255515A5003EC32A;
					};
					043E79B8255515A8003EC32A = {
						CreatedOnToolsVersion = 12.1;
						TestTargetID = 043E7997255515A5003EC32A;
					};
				};
			};
			buildConfigurationList = 043E7993255515A5003EC32A /* Build configuration list for PBXProject "CustomSeguement Control Tutorial" */;
			compatibilityVersion = "Xcode 9.3";
			developmentRegion = en;
			hasScannedForEncodings = 0;
			knownRegions = (
				en,
				Base,
			);
			mainGroup = 043E798F255515A5003EC32A;
			productRefGroup = 043E7999255515A5003EC32A /* Products */;
			projectDirPath = "";
			projectRoot = "";
			targets = (
				043E7997255515A5003EC32A /* CustomSeguement Control Tutorial */,
				043E79AD255515A8003EC32A /* CustomSeguement Control TutorialTests */,
				043E79B8255515A8003EC32A /* CustomSeguement Control TutorialUITests */,
			);
		};
/* End PBXProject section */

/* Begin PBXResourcesBuildPhase section */
		043E7996255515A5003EC32A /* Resources */ = {
			isa = PBXResourcesBuildPhase;
			buildActionMask = 2147483647;
			files = (
				043E79A8255515A8003EC32A /* LaunchScreen.storyboard in Resources */,
				043E79A5255515A8003EC32A /* Assets.xcassets in Resources */,
				043E79A3255515A5003EC32A /* Main.storyboard in Resources */,
			);
			runOnlyForDeploymentPostprocessing = 0;
		};
		043E79AC255515A8003EC32A /* Resources */ = {
			isa = PBXResourcesBuildPhase;
			buildActionMask = 2147483647;
			files = (
			);
			runOnlyForDeploymentPostprocessing = 0;
		};
		043E79B7255515A8003EC32A /* Resources */ = {
			isa = PBXResourcesBuildPhase;
			buildActionMask = 2147483647;
			files = (
			);
			runOnlyForDeploymentPostprocessing = 0;
		};
/* End PBXResourcesBuildPhase section */

/* Begin PBXSourcesBuildPhase section */
		043E7994255515A5003EC32A /* Sources */ = {
			isa = PBXSourcesBuildPhase;
			buildActionMask = 2147483647;
			files = (
				043E79CF25551CB7003EC32A /* MyCustomSeguementControl.swift in Sources */,
				043E79A0255515A5003EC32A /* MainViewController.swift in Sources */,
				043E799C255515A5003EC32A /* AppDelegate.swift in Sources */,
				043E799E255515A5003EC32A /* SceneDelegate.swift in Sources */,
			);
			runOnlyForDeploymentPostprocessing = 0;
		};
		043E79AA255515A8003EC32A /* Sources */ = {
			isa = PBXSourcesBuildPhase;
			buildActionMask = 2147483647;
			files = (
				043E79B3255515A8003EC32A /* CustomSeguement_Control_TutorialTests.swift in Sources */,
			);
			runOnlyForDeploymentPostprocessing = 0;
		};
		043E79B5255515A8003EC32A /* Sources */ = {
			isa = PBXSourcesBuildPhase;
			buildActionMask = 2147483647;
			files = (
				043E79BE255515A8003EC32A /* CustomSeguement_Control_TutorialUITests.swift in Sources */,
			);
			runOnlyForDeploymentPostprocessing = 0;
		};
/* End PBXSourcesBuildPhase section */

/* Begin PBXTargetDependency section */
		043E79B0255515A8003EC32A /* PBXTargetDependency */ = {
			isa = PBXTargetDependency;
			target = 043E7997255515A5003EC32A /* CustomSeguement Control Tutorial */;
			targetProxy = 043E79AF255515A8003EC32A /* PBXContainerItemProxy */;
		};
		043E79BB255515A8003EC32A /* PBXTargetDependency */ = {
			isa = PBXTargetDependency;
			target = 043E7997255515A5003EC32A /* CustomSeguement Control Tutorial */;
			targetProxy = 043E79BA255515A8003EC32A /* PBXContainerItemProxy */;
		};
/* End PBXTargetDependency section */

/* Begin PBXVariantGroup section */
		043E79A1255515A5003EC32A /* Main.storyboard */ = {
			isa = PBXVariantGroup;
			children = (
				043E79A2255515A5003EC32A /* Base */,
			);
			name = Main.storyboard;
			sourceTree = "<group>";
		};
		043E79A6255515A8003EC32A /* LaunchScreen.storyboard */ = {
			isa = PBXVariantGroup;
			children = (
				043E79A7255515A8003EC32A /* Base */,
			);
			name = LaunchScreen.storyboard;
			sourceTree = "<group>";
		};
/* End PBXVariantGroup section */

/* Begin XCBuildConfiguration section */
		043E79C0255515A8003EC32A /* Debug */ = {
			isa = XCBuildConfiguration;
			buildSettings = {
				ALWAYS_SEARCH_USER_PATHS = NO;
				CLANG_ANALYZER_NONNULL = YES;
				CLANG_ANALYZER_NUMBER_OBJECT_CONVERSION = YES_AGGRESSIVE;
				CLANG_CXX_LANGUAGE_STANDARD = "gnu++14";
				CLANG_CXX_LIBRARY = "libc++";
				CLANG_ENABLE_MODULES = YES;
				CLANG_ENABLE_OBJC_ARC = YES;
				CLANG_ENABLE_OBJC_WEAK = YES;
				CLANG_WARN_BLOCK_CAPTURE_AUTORELEASING = YES;
				CLANG_WARN_BOOL_CONVERSION = YES;
				CLANG_WARN_COMMA = YES;
				CLANG_WARN_CONSTANT_CONVERSION = YES;
				CLANG_WARN_DEPRECATED_OBJC_IMPLEMENTATIONS = YES;
				CLANG_WARN_DIRECT_OBJC_ISA_USAGE = YES_ERROR;
				CLANG_WARN_DOCUMENTATION_COMMENTS = YES;
				CLANG_WARN_EMPTY_BODY = YES;
				CLANG_WARN_ENUM_CONVERSION = YES;
				CLANG_WARN_INFINITE_RECURSION = YES;
				CLANG_WARN_INT_CONVERSION = YES;
				CLANG_WARN_NON_LITERAL_NULL_CONVERSION = YES;
				CLANG_WARN_OBJC_IMPLICIT_RETAIN_SELF = YES;
				CLANG_WARN_OBJC_LITERAL_CONVERSION = YES;
				CLANG_WARN_OBJC_ROOT_CLASS = YES_ERROR;
				CLANG_WARN_QUOTED_INCLUDE_IN_FRAMEWORK_HEADER = YES;
				CLANG_WARN_RANGE_LOOP_ANALYSIS = YES;
				CLANG_WARN_STRICT_PROTOTYPES = YES;
				CLANG_WARN_SUSPICIOUS_MOVE = YES;
				CLANG_WARN_UNGUARDED_AVAILABILITY = YES_AGGRESSIVE;
				CLANG_WARN_UNREACHABLE_CODE = YES;
				CLANG_WARN__DUPLICATE_METHOD_MATCH = YES;
				COPY_PHASE_STRIP = NO;
				DEBUG_INFORMATION_FORMAT = dwarf;
				ENABLE_STRICT_OBJC_MSGSEND = YES;
				ENABLE_TESTABILITY = YES;
				GCC_C_LANGUAGE_STANDARD = gnu11;
				GCC_DYNAMIC_NO_PIC = NO;
				GCC_NO_COMMON_BLOCKS = YES;
				GCC_OPTIMIZATION_LEVEL = 0;
				GCC_PREPROCESSOR_DEFINITIONS = (
					"DEBUG=1",
					"$(inherited)",
				);
				GCC_WARN_64_TO_32_BIT_CONVERSION = YES;
				GCC_WARN_ABOUT_RETURN_TYPE = YES_ERROR;
				GCC_WARN_UNDECLARED_SELECTOR = YES;
				GCC_WARN_UNINITIALIZED_AUTOS = YES_AGGRESSIVE;
				GCC_WARN_UNUSED_FUNCTION = YES;
				GCC_WARN_UNUSED_VARIABLE = YES;
				IPHONEOS_DEPLOYMENT_TARGET = 14.1;
				MTL_ENABLE_DEBUG_INFO = INCLUDE_SOURCE;
				MTL_FAST_MATH = YES;
				ONLY_ACTIVE_ARCH = YES;
				SDKROOT = iphoneos;
				SWIFT_ACTIVE_COMPILATION_CONDITIONS = DEBUG;
				SWIFT_OPTIMIZATION_LEVEL = "-Onone";
			};
			name = Debug;
		};
		043E79C1255515A8003EC32A /* Release */ = {
			isa = XCBuildConfiguration;
			buildSettings = {
				ALWAYS_SEARCH_USER_PATHS = NO;
				CLANG_ANALYZER_NONNULL = YES;
				CLANG_ANALYZER_NUMBER_OBJECT_CONVERSION = YES_AGGRESSIVE;
				CLANG_CXX_LANGUAGE_STANDARD = "gnu++14";
				CLANG_CXX_LIBRARY = "libc++";
				CLANG_ENABLE_MODULES = YES;
				CLANG_ENABLE_OBJC_ARC = YES;
				CLANG_ENABLE_OBJC_WEAK = YES;
				CLANG_WARN_BLOCK_CAPTURE_AUTORELEASING = YES;
				CLANG_WARN_BOOL_CONVERSION = YES;
				CLANG_WARN_COMMA = YES;
				CLANG_WARN_CONSTANT_CONVERSION = YES;
				CLANG_WARN_DEPRECATED_OBJC_IMPLEMENTATIONS = YES;
				CLANG_WARN_DIRECT_OBJC_ISA_USAGE = YES_ERROR;
				CLANG_WARN_DOCUMENTATION_COMMENTS = YES;
				CLANG_WARN_EMPTY_BODY = YES;
				CLANG_WARN_ENUM_CONVERSION = YES;
				CLANG_WARN_INFINITE_RECURSION = YES;
				CLANG_WARN_INT_CONVERSION = YES;
				CLANG_WARN_NON_LITERAL_NULL_CONVERSION = YES;
				CLANG_WARN_OBJC_IMPLICIT_RETAIN_SELF = YES;
				CLANG_WARN_OBJC_LITERAL_CONVERSION = YES;
				CLANG_WARN_OBJC_ROOT_CLASS = YES_ERROR;
				CLANG_WARN_QUOTED_INCLUDE_IN_FRAMEWORK_HEADER = YES;
				CLANG_WARN_RANGE_LOOP_ANALYSIS = YES;
				CLANG_WARN_STRICT_PROTOTYPES = YES;
				CLANG_WARN_SUSPICIOUS_MOVE = YES;
				CLANG_WARN_UNGUARDED_AVAILABILITY = YES_AGGRESSIVE;
				CLANG_WARN_UNREACHABLE_CODE = YES;
				CLANG_WARN__DUPLICATE_METHOD_MATCH = YES;
				COPY_PHASE_STRIP = NO;
				DEBUG_INFORMATION_FORMAT = "dwarf-with-dsym";
				ENABLE_NS_ASSERTIONS = NO;
				ENABLE_STRICT_OBJC_MSGSEND = YES;
				GCC_C_LANGUAGE_STANDARD = gnu11;
				GCC_NO_COMMON_BLOCKS = YES;
				GCC_WARN_64_TO_32_BIT_CONVERSION = YES;
				GCC_WARN_ABOUT_RETURN_TYPE = YES_ERROR;
				GCC_WARN_UNDECLARED_SELECTOR = YES;
				GCC_WARN_UNINITIALIZED_AUTOS = YES_AGGRESSIVE;
				GCC_WARN_UNUSED_FUNCTION = YES;
				GCC_WARN_UNUSED_VARIABLE = YES;
				IPHONEOS_DEPLOYMENT_TARGET = 14.1;
				MTL_ENABLE_DEBUG_INFO = NO;
				MTL_FAST_MATH = YES;
				SDKROOT = iphoneos;
				SWIFT_COMPILATION_MODE = wholemodule;
				SWIFT_OPTIMIZATION_LEVEL = "-O";
				VALIDATE_PRODUCT = YES;
			};
			name = Release;
		};
		043E79C3255515A8003EC32A /* Debug */ = {
			isa = XCBuildConfiguration;
			buildSettings = {
				ASSETCATALOG_COMPILER_APPICON_NAME = AppIcon;
				ASSETCATALOG_COMPILER_GLOBAL_ACCENT_COLOR_NAME = AccentColor;
				CODE_SIGN_STYLE = Automatic;
				DEVELOPMENT_TEAM = 6AN364W3MX;
				INFOPLIST_FILE = "CustomSeguement Control Tutorial/Info.plist";
				LD_RUNPATH_SEARCH_PATHS = (
					"$(inherited)",
					"@executable_path/Frameworks",
				);
				PRODUCT_BUNDLE_IDENTIFIER = "sj2joy.CustomSeguement-Control-Tutorial";
				PRODUCT_NAME = "$(TARGET_NAME)";
				SWIFT_VERSION = 5.0;
				TARGETED_DEVICE_FAMILY = "1,2";
			};
			name = Debug;
		};
		043E79C4255515A8003EC32A /* Release */ = {
			isa = XCBuildConfiguration;
			buildSettings = {
				ASSETCATALOG_COMPILER_APPICON_NAME = AppIcon;
				ASSETCATALOG_COMPILER_GLOBAL_ACCENT_COLOR_NAME = AccentColor;
				CODE_SIGN_STYLE = Automatic;
				DEVELOPMENT_TEAM = 6AN364W3MX;
				INFOPLIST_FILE = "CustomSeguement Control Tutorial/Info.plist";
				LD_RUNPATH_SEARCH_PATHS = (
					"$(inherited)",
					"@executable_path/Frameworks",
				);
				PRODUCT_BUNDLE_IDENTIFIER = "sj2joy.CustomSeguement-Control-Tutorial";
				PRODUCT_NAME = "$(TARGET_NAME)";
				SWIFT_VERSION = 5.0;
				TARGETED_DEVICE_FAMILY = "1,2";
			};
			name = Release;
		};
		043E79C6255515A8003EC32A /* Debug */ = {
			isa = XCBuildConfiguration;
			buildSettings = {
				ALWAYS_EMBED_SWIFT_STANDARD_LIBRARIES = YES;
				BUNDLE_LOADER = "$(TEST_HOST)";
				CODE_SIGN_STYLE = Automatic;
				DEVELOPMENT_TEAM = 6AN364W3MX;
				INFOPLIST_FILE = "CustomSeguement Control TutorialTests/Info.plist";
				IPHONEOS_DEPLOYMENT_TARGET = 14.1;
				LD_RUNPATH_SEARCH_PATHS = (
					"$(inherited)",
					"@executable_path/Frameworks",
					"@loader_path/Frameworks",
				);
				PRODUCT_BUNDLE_IDENTIFIER = "sj2joy.CustomSeguement-Control-TutorialTests";
				PRODUCT_NAME = "$(TARGET_NAME)";
				SWIFT_VERSION = 5.0;
				TARGETED_DEVICE_FAMILY = "1,2";
				TEST_HOST = "$(BUILT_PRODUCTS_DIR)/CustomSeguement Control Tutorial.app/CustomSeguement Control Tutorial";
			};
			name = Debug;
		};
		043E79C7255515A8003EC32A /* Release */ = {
			isa = XCBuildConfiguration;
			buildSettings = {
				ALWAYS_EMBED_SWIFT_STANDARD_LIBRARIES = YES;
				BUNDLE_LOADER = "$(TEST_HOST)";
				CODE_SIGN_STYLE = Automatic;
				DEVELOPMENT_TEAM = 6AN364W3MX;
				INFOPLIST_FILE = "CustomSeguement Control TutorialTests/Info.plist";
				IPHONEOS_DEPLOYMENT_TARGET = 14.1;
				LD_RUNPATH_SEARCH_PATHS = (
					"$(inherited)",
					"@executable_path/Frameworks",
					"@loader_path/Frameworks",
				);
				PRODUCT_BUNDLE_IDENTIFIER = "sj2joy.CustomSeguement-Control-TutorialTests";
				PRODUCT_NAME = "$(TARGET_NAME)";
				SWIFT_VERSION = 5.0;
				TARGETED_DEVICE_FAMILY = "1,2";
				TEST_HOST = "$(BUILT_PRODUCTS_DIR)/CustomSeguement Control Tutorial.app/CustomSeguement Control Tutorial";
			};
			name = Release;
		};
		043E79C9255515A8003EC32A /* Debug */ = {
			isa = XCBuildConfiguration;
			buildSettings = {
				ALWAYS_EMBED_SWIFT_STANDARD_LIBRARIES = YES;
				CODE_SIGN_STYLE = Automatic;
				DEVELOPMENT_TEAM = 6AN364W3MX;
				INFOPLIST_FILE = "CustomSeguement Control TutorialUITests/Info.plist";
				LD_RUNPATH_SEARCH_PATHS = (
					"$(inherited)",
					"@executable_path/Frameworks",
					"@loader_path/Frameworks",
				);
				PRODUCT_BUNDLE_IDENTIFIER = "sj2joy.CustomSeguement-Control-TutorialUITests";
				PRODUCT_NAME = "$(TARGET_NAME)";
				SWIFT_VERSION = 5.0;
				TARGETED_DEVICE_FAMILY = "1,2";
				TEST_TARGET_NAME = "CustomSeguement Control Tutorial";
			};
			name = Debug;
		};
		043E79CA255515A8003EC32A /* Release */ = {
			isa = XCBuildConfiguration;
			buildSettings = {
				ALWAYS_EMBED_SWIFT_STANDARD_LIBRARIES = YES;
				CODE_SIGN_STYLE = Automatic;
				DEVELOPMENT_TEAM = 6AN364W3MX;
				INFOPLIST_FILE = "CustomSeguement Control TutorialUITests/Info.plist";
				LD_RUNPATH_SEARCH_PATHS = (
					"$(inherited)",
					"@executable_path/Frameworks",
					"@loader_path/Frameworks",
				);
				PRODUCT_BUNDLE_IDENTIFIER = "sj2joy.CustomSeguement-Control-TutorialUITests";
				PRODUCT_NAME = "$(TARGET_NAME)";
				SWIFT_VERSION = 5.0;
				TARGETED_DEVICE_FAMILY = "1,2";
				TEST_TARGET_NAME = "CustomSeguement Control Tutorial";
			};
			name = Release;
		};
/* End XCBuildConfiguration section */

/* Begin XCConfigurationList section */
		043E7993255515A5003EC32A /* Build configuration list for PBXProject "CustomSeguement Control Tutorial" */ = {
			isa = XCConfigurationList;
			buildConfigurations = (
				043E79C0255515A8003EC32A /* Debug */,
				043E79C1255515A8003EC32A /* Release */,
			);
			defaultConfigurationIsVisible = 0;
			defaultConfigurationName = Release;
		};
		043E79C2255515A8003EC32A /* Build configuration list for PBXNativeTarget "CustomSeguement Control Tutorial" */ = {
			isa = XCConfigurationList;
			buildConfigurations = (
				043E79C3255515A8003EC32A /* Debug */,
				043E79C4255515A8003EC32A /* Release */,
			);
			defaultConfigurationIsVisible = 0;
			defaultConfigurationName = Release;
		};
		043E79C5255515A8003EC32A /* Build configuration list for PBXNativeTarget "CustomSeguement Control TutorialTests" */ = {
			isa = XCConfigurationList;
			buildConfigurations = (
				043E79C6255515A8003EC32A /* Debug */,
				043E79C7255515A8003EC32A /* Release */,
			);
			defaultConfigurationIsVisible = 0;
			defaultConfigurationName = Release;
		};
		043E79C8255515A8003EC32A /* Build configuration list for PBXNativeTarget "CustomSeguement Control TutorialUITests" */ = {
			isa = XCConfigurationList;
			buildConfigurations = (
				043E79C9255515A8003EC32A /* Debug */,
				043E79CA255515A8003EC32A /* Release */,
			);
			defaultConfigurationIsVisible = 0;
			defaultConfigurationName = Release;
		};
/* End XCConfigurationList section */
	};
	rootObject = 043E7990255515A5003EC32A /* Project object */;
}
