// !$*UTF8*$!
{
	archiveVersion = 1;
	classes = {
	};
	objectVersion = 50;
	objects = {

/* Begin PBXBuildFile section */
		0433819826352B7A00246EE9 /* AppDelegate.swift in Sources */ = {isa = PBXBuildFile; fileRef = 0433819726352B7A00246EE9 /* AppDelegate.swift */; };
		0433819C26352B7A00246EE9 /* MainViewController.swift in Sources */ = {isa = PBXBuildFile; fileRef = 0433819B26352B7A00246EE9 /* MainViewController.swift */; };
		043381A126352B7F00246EE9 /* Assets.xcassets in Resources */ = {isa = PBXBuildFile; fileRef = 043381A026352B7F00246EE9 /* Assets.xcassets */; };
		043381A426352B7F00246EE9 /* LaunchScreen.storyboard in Resources */ = {isa = PBXBuildFile; fileRef = 043381A226352B7F00246EE9 /* LaunchScreen.storyboard */; };
		043381B026352C6B00246EE9 /* CustomCell.swift in Sources */ = {isa = PBXBuildFile; fileRef = 043381AF26352C6B00246EE9 /* CustomCell.swift */; };
		043381B3263546E600246EE9 /* ContentsViewController.swift in Sources */ = {isa = PBXBuildFile; fileRef = 043381B2263546E600246EE9 /* ContentsViewController.swift */; };
		043381B72635580200246EE9 /* MemoModel.swift in Sources */ = {isa = PBXBuildFile; fileRef = 043381B62635580200246EE9 /* MemoModel.swift */; };
		043381BF2636CEC800246EE9 /* ContentsReadViewController.swift in Sources */ = {isa = PBXBuildFile; fileRef = 043381BE2636CEC800246EE9 /* ContentsReadViewController.swift */; };
		043381C62637DF3200246EE9 /* UserInfoManager.swift in Sources */ = {isa = PBXBuildFile; fileRef = 043381C52637DF3200246EE9 /* UserInfoManager.swift */; };
/* End PBXBuildFile section */

/* Begin PBXFileReference section */
		0433819426352B7A00246EE9 /* SimpleMemoApp.app */ = {isa = PBXFileReference; explicitFileType = wrapper.application; includeInIndex = 0; path = SimpleMemoApp.app; sourceTree = BUILT_PRODUCTS_DIR; };
		0433819726352B7A00246EE9 /* AppDelegate.swift */ = {isa = PBXFileReference; lastKnownFileType = sourcecode.swift; path = AppDelegate.swift; sourceTree = "<group>"; };
		0433819B26352B7A00246EE9 /* MainViewController.swift */ = {isa = PBXFileReference; lastKnownFileType = sourcecode.swift; path = MainViewController.swift; sourceTree = "<group>"; };
		043381A026352B7F00246EE9 /* Assets.xcassets */ = {isa = PBXFileReference; lastKnownFileType = folder.assetcatalog; path = Assets.xcassets; sourceTree = "<group>"; };
		043381A326352B7F00246EE9 /* Base */ = {isa = PBXFileReference; lastKnownFileType = file.storyboard; name = Base; path = Base.lproj/LaunchScreen.storyboard; sourceTree = "<group>"; };
		043381A526352B7F00246EE9 /* Info.plist */ = {isa = PBXFileReference; lastKnownFileType = text.plist.xml; path = Info.plist; sourceTree = "<group>"; };
		043381AF26352C6B00246EE9 /* CustomCell.swift */ = {isa = PBXFileReference; lastKnownFileType = sourcecode.swift; path = CustomCell.swift; sourceTree = "<group>"; };
		043381B2263546E600246EE9 /* ContentsViewController.swift */ = {isa = PBXFileReference; lastKnownFileType = sourcecode.swift; path = ContentsViewController.swift; sourceTree = "<group>"; };
		043381B62635580200246EE9 /* MemoModel.swift */ = {isa = PBXFileReference; lastKnownFileType = sourcecode.swift; path = MemoModel.swift; sourceTree = "<group>"; };
		043381BE2636CEC800246EE9 /* ContentsReadViewController.swift */ = {isa = PBXFileReference; lastKnownFileType = sourcecode.swift; path = ContentsReadViewController.swift; sourceTree = "<group>"; };
		043381C52637DF3200246EE9 /* UserInfoManager.swift */ = {isa = PBXFileReference; lastKnownFileType = sourcecode.swift; path = UserInfoManager.swift; sourceTree = "<group>"; };
/* End PBXFileReference section */

/* Begin PBXFrameworksBuildPhase section */
		0433819126352B7A00246EE9 /* Frameworks */ = {
			isa = PBXFrameworksBuildPhase;
			buildActionMask = 2147483647;
			files = (
			);
			runOnlyForDeploymentPostprocessing = 0;
		};
/* End PBXFrameworksBuildPhase section */

/* Begin PBXGroup section */
		0433818B26352B7A00246EE9 = {
			isa = PBXGroup;
			children = (
				0433819626352B7A00246EE9 /* SimpleMemoApp */,
				0433819526352B7A00246EE9 /* Products */,
			);
			sourceTree = "<group>";
		};
		0433819526352B7A00246EE9 /* Products */ = {
			isa = PBXGroup;
			children = (
				0433819426352B7A00246EE9 /* SimpleMemoApp.app */,
			);
			name = Products;
			sourceTree = "<group>";
		};
		0433819626352B7A00246EE9 /* SimpleMemoApp */ = {
			isa = PBXGroup;
			children = (
				0433819726352B7A00246EE9 /* AppDelegate.swift */,
				0433819B26352B7A00246EE9 /* MainViewController.swift */,
				043381B2263546E600246EE9 /* ContentsViewController.swift */,
				043381AF26352C6B00246EE9 /* CustomCell.swift */,
				043381BE2636CEC800246EE9 /* ContentsReadViewController.swift */,
				043381C52637DF3200246EE9 /* UserInfoManager.swift */,
				043381B62635580200246EE9 /* MemoModel.swift */,
				043381A026352B7F00246EE9 /* Assets.xcassets */,
				043381A226352B7F00246EE9 /* LaunchScreen.storyboard */,
				043381A526352B7F00246EE9 /* Info.plist */,
			);
			path = SimpleMemoApp;
			sourceTree = "<group>";
		};
/* End PBXGroup section */

/* Begin PBXNativeTarget section */
		0433819326352B7A00246EE9 /* SimpleMemoApp */ = {
			isa = PBXNativeTarget;
			buildConfigurationList = 043381A826352B7F00246EE9 /* Build configuration list for PBXNativeTarget "SimpleMemoApp" */;
			buildPhases = (
				0433819026352B7A00246EE9 /* Sources */,
				0433819126352B7A00246EE9 /* Frameworks */,
				0433819226352B7A00246EE9 /* Resources */,
			);
			buildRules = (
			);
			dependencies = (
			);
			name = SimpleMemoApp;
			productName = SimpleMemoApp;
			productReference = 0433819426352B7A00246EE9 /* SimpleMemoApp.app */;
			productType = "com.apple.product-type.application";
		};
/* End PBXNativeTarget section */

/* Begin PBXProject section */
		0433818C26352B7A00246EE9 /* Project object */ = {
			isa = PBXProject;
			attributes = {
				LastSwiftUpdateCheck = 1240;
				LastUpgradeCheck = 1240;
				TargetAttributes = {
					0433819326352B7A00246EE9 = {
						CreatedOnToolsVersion = 12.4;
					};
				};
			};
			buildConfigurationList = 0433818F26352B7A00246EE9 /* Build configuration list for PBXProject "SimpleMemoApp" */;
			compatibilityVersion = "Xcode 9.3";
			developmentRegion = en;
			hasScannedForEncodings = 0;
			knownRegions = (
				en,
				Base,
			);
			mainGroup = 0433818B26352B7A00246EE9;
			productRefGroup = 0433819526352B7A00246EE9 /* Products */;
			projectDirPath = "";
			projectRoot = "";
			targets = (
				0433819326352B7A00246EE9 /* SimpleMemoApp */,
			);
		};
/* End PBXProject section */

/* Begin PBXResourcesBuildPhase section */
		0433819226352B7A00246EE9 /* Resources */ = {
			isa = PBXResourcesBuildPhase;
			buildActionMask = 2147483647;
			files = (
				043381A426352B7F00246EE9 /* LaunchScreen.storyboard in Resources */,
				043381A126352B7F00246EE9 /* Assets.xcassets in Resources */,
			);
			runOnlyForDeploymentPostprocessing = 0;
		};
/* End PBXResourcesBuildPhase section */

/* Begin PBXSourcesBuildPhase section */
		0433819026352B7A00246EE9 /* Sources */ = {
			isa = PBXSourcesBuildPhase;
			buildActionMask = 2147483647;
			files = (
				043381C62637DF3200246EE9 /* UserInfoManager.swift in Sources */,
				043381BF2636CEC800246EE9 /* ContentsReadViewController.swift in Sources */,
				043381B72635580200246EE9 /* MemoModel.swift in Sources */,
				043381B3263546E600246EE9 /* ContentsViewController.swift in Sources */,
				043381B026352C6B00246EE9 /* CustomCell.swift in Sources */,
				0433819C26352B7A00246EE9 /* MainViewController.swift in Sources */,
				0433819826352B7A00246EE9 /* AppDelegate.swift in Sources */,
			);
			runOnlyForDeploymentPostprocessing = 0;
		};
/* End PBXSourcesBuildPhase section */

/* Begin PBXVariantGroup section */
		043381A226352B7F00246EE9 /* LaunchScreen.storyboard */ = {
			isa = PBXVariantGroup;
			children = (
				043381A326352B7F00246EE9 /* Base */,
			);
			name = LaunchScreen.storyboard;
			sourceTree = "<group>";
		};
/* End PBXVariantGroup section */

/* Begin XCBuildConfiguration section */
		043381A626352B7F00246EE9 /* Debug */ = {
			isa = XCBuildConfiguration;
			buildSettings = {
				ALWAYS_SEARCH_USER_PATHS = NO;
				CLANG_ANALYZER_NONNULL = YES;
				CLANG_ANALYZER_NUMBER_OBJECT_CONVERSION = YES_AGGRESSIVE;
				CLANG_CXX_LANGUAGE_STANDARD = "gnu++14";
				CLANG_CXX_LIBRARY = "libc++";
				CLANG_ENABLE_MODULES = YES;
				CLANG_ENABLE_OBJC_ARC = YES;
				CLANG_ENABLE_OBJC_WEAK = YES;
				CLANG_WARN_BLOCK_CAPTURE_AUTORELEASING = YES;
				CLANG_WARN_BOOL_CONVERSION = YES;
				CLANG_WARN_COMMA = YES;
				CLANG_WARN_CONSTANT_CONVERSION = YES;
				CLANG_WARN_DEPRECATED_OBJC_IMPLEMENTATIONS = YES;
				CLANG_WARN_DIRECT_OBJC_ISA_USAGE = YES_ERROR;
				CLANG_WARN_DOCUMENTATION_COMMENTS = YES;
				CLANG_WARN_EMPTY_BODY = YES;
				CLANG_WARN_ENUM_CONVERSION = YES;
				CLANG_WARN_INFINITE_RECURSION = YES;
				CLANG_WARN_INT_CONVERSION = YES;
				CLANG_WARN_NON_LITERAL_NULL_CONVERSION = YES;
				CLANG_WARN_OBJC_IMPLICIT_RETAIN_SELF = YES;
				CLANG_WARN_OBJC_LITERAL_CONVERSION = YES;
				CLANG_WARN_OBJC_ROOT_CLASS = YES_ERROR;
				CLANG_WARN_QUOTED_INCLUDE_IN_FRAMEWORK_HEADER = YES;
				CLANG_WARN_RANGE_LOOP_ANALYSIS = YES;
				CLANG_WARN_STRICT_PROTOTYPES = YES;
				CLANG_WARN_SUSPICIOUS_MOVE = YES;
				CLANG_WARN_UNGUARDED_AVAILABILITY = YES_AGGRESSIVE;
				CLANG_WARN_UNREACHABLE_CODE = YES;
				CLANG_WARN__DUPLICATE_METHOD_MATCH = YES;
				COPY_PHASE_STRIP = NO;
				DEBUG_INFORMATION_FORMAT = dwarf;
				ENABLE_STRICT_OBJC_MSGSEND = YES;
				ENABLE_TESTABILITY = YES;
				GCC_C_LANGUAGE_STANDARD = gnu11;
				GCC_DYNAMIC_NO_PIC = NO;
				GCC_NO_COMMON_BLOCKS = YES;
				GCC_OPTIMIZATION_LEVEL = 0;
				GCC_PREPROCESSOR_DEFINITIONS = (
					"DEBUG=1",
					"$(inherited)",
				);
				GCC_WARN_64_TO_32_BIT_CONVERSION = YES;
				GCC_WARN_ABOUT_RETURN_TYPE = YES_ERROR;
				GCC_WARN_UNDECLARED_SELECTOR = YES;
				GCC_WARN_UNINITIALIZED_AUTOS = YES_AGGRESSIVE;
				GCC_WARN_UNUSED_FUNCTION = YES;
				GCC_WARN_UNUSED_VARIABLE = YES;
				IPHONEOS_DEPLOYMENT_TARGET = 14.4;
				MTL_ENABLE_DEBUG_INFO = INCLUDE_SOURCE;
				MTL_FAST_MATH = YES;
				ONLY_ACTIVE_ARCH = YES;
				SDKROOT = iphoneos;
				SWIFT_ACTIVE_COMPILATION_CONDITIONS = DEBUG;
				SWIFT_OPTIMIZATION_LEVEL = "-Onone";
			};
			name = Debug;
		};
		043381A726352B7F00246EE9 /* Release */ = {
			isa = XCBuildConfiguration;
			buildSettings = {
				ALWAYS_SEARCH_USER_PATHS = NO;
				CLANG_ANALYZER_NONNULL = YES;
				CLANG_ANALYZER_NUMBER_OBJECT_CONVERSION = YES_AGGRESSIVE;
				CLANG_CXX_LANGUAGE_STANDARD = "gnu++14";
				CLANG_CXX_LIBRARY = "libc++";
				CLANG_ENABLE_MODULES = YES;
				CLANG_ENABLE_OBJC_ARC = YES;
				CLANG_ENABLE_OBJC_WEAK = YES;
				CLANG_WARN_BLOCK_CAPTURE_AUTORELEASING = YES;
				CLANG_WARN_BOOL_CONVERSION = YES;
				CLANG_WARN_COMMA = YES;
				CLANG_WARN_CONSTANT_CONVERSION = YES;
				CLANG_WARN_DEPRECATED_OBJC_IMPLEMENTATIONS = YES;
				CLANG_WARN_DIRECT_OBJC_ISA_USAGE = YES_ERROR;
				CLANG_WARN_DOCUMENTATION_COMMENTS = YES;
				CLANG_WARN_EMPTY_BODY = YES;
				CLANG_WARN_ENUM_CONVERSION = YES;
				CLANG_WARN_INFINITE_RECURSION = YES;
				CLANG_WARN_INT_CONVERSION = YES;
				CLANG_WARN_NON_LITERAL_NULL_CONVERSION = YES;
				CLANG_WARN_OBJC_IMPLICIT_RETAIN_SELF = YES;
				CLANG_WARN_OBJC_LITERAL_CONVERSION = YES;
				CLANG_WARN_OBJC_ROOT_CLASS = YES_ERROR;
				CLANG_WARN_QUOTED_INCLUDE_IN_FRAMEWORK_HEADER = YES;
				CLANG_WARN_RANGE_LOOP_ANALYSIS = YES;
				CLANG_WARN_STRICT_PROTOTYPES = YES;
				CLANG_WARN_SUSPICIOUS_MOVE = YES;
				CLANG_WARN_UNGUARDED_AVAILABILITY = YES_AGGRESSIVE;
				CLANG_WARN_UNREACHABLE_CODE = YES;
				CLANG_WARN__DUPLICATE_METHOD_MATCH = YES;
				COPY_PHASE_STRIP = NO;
				DEBUG_INFORMATION_FORMAT = "dwarf-with-dsym";
				ENABLE_NS_ASSERTIONS = NO;
				ENABLE_STRICT_OBJC_MSGSEND = YES;
				GCC_C_LANGUAGE_STANDARD = gnu11;
				GCC_NO_COMMON_BLOCKS = YES;
				GCC_WARN_64_TO_32_BIT_CONVERSION = YES;
				GCC_WARN_ABOUT_RETURN_TYPE = YES_ERROR;
				GCC_WARN_UNDECLARED_SELECTOR = YES;
				GCC_WARN_UNINITIALIZED_AUTOS = YES_AGGRESSIVE;
				GCC_WARN_UNUSED_FUNCTION = YES;
				GCC_WARN_UNUSED_VARIABLE = YES;
				IPHONEOS_DEPLOYMENT_TARGET = 14.4;
				MTL_ENABLE_DEBUG_INFO = NO;
				MTL_FAST_MATH = YES;
				SDKROOT = iphoneos;
				SWIFT_COMPILATION_MODE = wholemodule;
				SWIFT_OPTIMIZATION_LEVEL = "-O";
				VALIDATE_PRODUCT = YES;
			};
			name = Release;
		};
		043381A926352B7F00246EE9 /* Debug */ = {
			isa = XCBuildConfiguration;
			buildSettings = {
				ASSETCATALOG_COMPILER_APPICON_NAME = AppIcon;
				ASSETCATALOG_COMPILER_GLOBAL_ACCENT_COLOR_NAME = AccentColor;
				CODE_SIGN_STYLE = Automatic;
				DEVELOPMENT_TEAM = 6AN364W3MX;
				INFOPLIST_FILE = SimpleMemoApp/Info.plist;
				LD_RUNPATH_SEARCH_PATHS = (
					"$(inherited)",
					"@executable_path/Frameworks",
				);
				PRODUCT_BUNDLE_IDENTIFIER = sj2joy.SimpleMemoApp;
				PRODUCT_NAME = "$(TARGET_NAME)";
				SWIFT_VERSION = 5.0;
				TARGETED_DEVICE_FAMILY = "1,2";
			};
			name = Debug;
		};
		043381AA26352B7F00246EE9 /* Release */ = {
			isa = XCBuildConfiguration;
			buildSettings = {
				ASSETCATALOG_COMPILER_APPICON_NAME = AppIcon;
				ASSETCATALOG_COMPILER_GLOBAL_ACCENT_COLOR_NAME = AccentColor;
				CODE_SIGN_STYLE = Automatic;
				DEVELOPMENT_TEAM = 6AN364W3MX;
				INFOPLIST_FILE = SimpleMemoApp/Info.plist;
				LD_RUNPATH_SEARCH_PATHS = (
					"$(inherited)",
					"@executable_path/Frameworks",
				);
				PRODUCT_BUNDLE_IDENTIFIER = sj2joy.SimpleMemoApp;
				PRODUCT_NAME = "$(TARGET_NAME)";
				SWIFT_VERSION = 5.0;
				TARGETED_DEVICE_FAMILY = "1,2";
			};
			name = Release;
		};
/* End XCBuildConfiguration section */

/* Begin XCConfigurationList section */
		0433818F26352B7A00246EE9 /* Build configuration list for PBXProject "SimpleMemoApp" */ = {
			isa = XCConfigurationList;
			buildConfigurations = (
				043381A626352B7F00246EE9 /* Debug */,
				043381A726352B7F00246EE9 /* Release */,
			);
			defaultConfigurationIsVisible = 0;
			defaultConfigurationName = Release;
		};
		043381A826352B7F00246EE9 /* Build configuration list for PBXNativeTarget "SimpleMemoApp" */ = {
			isa = XCConfigurationList;
			buildConfigurations = (
				043381A926352B7F00246EE9 /* Debug */,
				043381AA26352B7F00246EE9 /* Release */,
			);
			defaultConfigurationIsVisible = 0;
			defaultConfigurationName = Release;
		};
/* End XCConfigurationList section */
	};
	rootObject = 0433818C26352B7A00246EE9 /* Project object */;
}
