PODS:
  - ImageSlideshow (1.9.1):
    - ImageSlideshow/Core (= 1.9.1)
  - ImageSlideshow/Core (1.9.1)
  - ImageSlideshow/Kingfisher (1.9.1):
    - ImageSlideshow/Core
    - Kingfisher (> 3.0)
  - Kingfisher (5.15.7):
    - Kingfisher/Core (= 5.15.7)
  - Kingfisher/Core (5.15.7)

DEPENDENCIES:
  - ImageSlideshow (~> 1.9.0)
  - ImageSlideshow/Kingfisher

SPEC REPOS:
  trunk:
    - ImageSlideshow
    - Kingfisher

SPEC CHECKSUMS:
  ImageSlideshow: 67184be896a28472bd3b906c33ce4e0734aa3d22
  Kingfisher: 6e1a13523fcb1c86924ce53affe4ac957e544d59

PODFILE CHECKSUM: e3d8620198b94e5e6e19b11b9d80123ea36d2b97

COCOAPODS: 1.8.4
